
Microsoft Visual Studio Solution File, Format Version 12.00
# Visual Studio Version 17
VisualStudioVersion = 17.14.36414.22 d17.14
MinimumVisualStudioVersion = 10.0.40219.1
Project("{FAE04EC0-301F-11D3-BF4B-00C04F79EFBC}") = "PurrLobby", "PurrLobby\PurrLobby.csproj", "{C35670F9-C25D-4E8D-B301-D15B4BCE2F7F}"
EndProject
Global
	GlobalSection(SolutionConfigurationPlatforms) = preSolution
		Debug|Any CPU = Debug|Any CPU
		Release|Any CPU = Release|Any CPU
	EndGlobalSection
	GlobalSection(ProjectConfigurationPlatforms) = postSolution
		{C35670F9-C25D-4E8D-B301-D15B4BCE2F7F}.Debug|Any CPU.ActiveCfg = Debug|Any CPU
		{C35670F9-C25D-4E8D-B301-D15B4BCE2F7F}.Debug|Any CPU.Build.0 = Debug|Any CPU
		{C35670F9-C25D-4E8D-B301-D15B4BCE2F7F}.Release|Any CPU.ActiveCfg = Release|Any CPU
		{C35670F9-C25D-4E8D-B301-D15B4BCE2F7F}.Release|Any CPU.Build.0 = Release|Any CPU
	EndGlobalSection
	GlobalSection(SolutionProperties) = preSolution
		HideSolutionNode = FALSE
	EndGlobalSection
	GlobalSection(ExtensibilityGlobals) = postSolution
		SolutionGuid = {CB9BCFBF-0A3B-4C31-A17D-10BD76661490}
	EndGlobalSection
EndGlobal
